
Microsoft Visual Studio Solution File, Format Version 12.00
# Visual Studio Version 17
VisualStudioVersion = 17.11.35431.28
MinimumVisualStudioVersion = 10.0.40219.1
Project("{2150E333-8FDC-42A3-9474-1A3956D46DE8}") = "src", "src", "{48DD2B5C-9EE5-42E4-B949-E7B4056D8787}"
EndProject
Project("{2150E333-8FDC-42A3-9474-1A3956D46DE8}") = "Services", "Services", "{8A8407E7-BC27-4831-BB7F-810782CA9AE3}"
EndProject
Project("{FAE04EC0-301F-11D3-BF4B-00C04F79EFBC}") = "CustomerService", "src\Services\CustomerService\CustomerService.csproj", "{F37FDF77-F724-49B2-B7BF-14EE8D8C031F}"
EndProject
Project("{FAE04EC0-301F-11D3-BF4B-00C04F79EFBC}") = "AccountService", "src\Services\AccountService\AccountService.csproj", "{93ED52B3-BCCF-448D-A57E-BF6B32D02E53}"
EndProject
Project("{FAE04EC0-301F-11D3-BF4B-00C04F79EFBC}") = "TransactionService", "src\Services\TransactionService\TransactionService.csproj", "{0F9C6ABD-0585-4CC6-84E0-0222BCA1376E}"
EndProject
Project("{FAE04EC0-301F-11D3-BF4B-00C04F79EFBC}") = "ApiGateway", "src\ApiGateway\ApiGateway.csproj", "{AFCC24EF-EED7-4AC3-8327-D02DCADFC28A}"
EndProject
Global
	GlobalSection(SolutionConfigurationPlatforms) = preSolution
		Debug|Any CPU = Debug|Any CPU
		Release|Any CPU = Release|Any CPU
	EndGlobalSection
	GlobalSection(ProjectConfigurationPlatforms) = postSolution
		{F37FDF77-F724-49B2-B7BF-14EE8D8C031F}.Debug|Any CPU.ActiveCfg = Debug|Any CPU
		{F37FDF77-F724-49B2-B7BF-14EE8D8C031F}.Debug|Any CPU.Build.0 = Debug|Any CPU
		{F37FDF77-F724-49B2-B7BF-14EE8D8C031F}.Release|Any CPU.ActiveCfg = Release|Any CPU
		{F37FDF77-F724-49B2-B7BF-14EE8D8C031F}.Release|Any CPU.Build.0 = Release|Any CPU
		{93ED52B3-BCCF-448D-A57E-BF6B32D02E53}.Debug|Any CPU.ActiveCfg = Debug|Any CPU
		{93ED52B3-BCCF-448D-A57E-BF6B32D02E53}.Debug|Any CPU.Build.0 = Debug|Any CPU
		{93ED52B3-BCCF-448D-A57E-BF6B32D02E53}.Release|Any CPU.ActiveCfg = Release|Any CPU
		{93ED52B3-BCCF-448D-A57E-BF6B32D02E53}.Release|Any CPU.Build.0 = Release|Any CPU
		{0F9C6ABD-0585-4CC6-84E0-0222BCA1376E}.Debug|Any CPU.ActiveCfg = Debug|Any CPU
		{0F9C6ABD-0585-4CC6-84E0-0222BCA1376E}.Debug|Any CPU.Build.0 = Debug|Any CPU
		{0F9C6ABD-0585-4CC6-84E0-0222BCA1376E}.Release|Any CPU.ActiveCfg = Release|Any CPU
		{0F9C6ABD-0585-4CC6-84E0-0222BCA1376E}.Release|Any CPU.Build.0 = Release|Any CPU
		{AFCC24EF-EED7-4AC3-8327-D02DCADFC28A}.Debug|Any CPU.ActiveCfg = Debug|Any CPU
		{AFCC24EF-EED7-4AC3-8327-D02DCADFC28A}.Debug|Any CPU.Build.0 = Debug|Any CPU
		{AFCC24EF-EED7-4AC3-8327-D02DCADFC28A}.Release|Any CPU.ActiveCfg = Release|Any CPU
		{AFCC24EF-EED7-4AC3-8327-D02DCADFC28A}.Release|Any CPU.Build.0 = Release|Any CPU
	EndGlobalSection
	GlobalSection(SolutionProperties) = preSolution
		HideSolutionNode = FALSE
	EndGlobalSection
	GlobalSection(NestedProjects) = preSolution
		{8A8407E7-BC27-4831-BB7F-810782CA9AE3} = {48DD2B5C-9EE5-42E4-B949-E7B4056D8787}
		{F37FDF77-F724-49B2-B7BF-14EE8D8C031F} = {8A8407E7-BC27-4831-BB7F-810782CA9AE3}
		{93ED52B3-BCCF-448D-A57E-BF6B32D02E53} = {8A8407E7-BC27-4831-BB7F-810782CA9AE3}
		{0F9C6ABD-0585-4CC6-84E0-0222BCA1376E} = {8A8407E7-BC27-4831-BB7F-810782CA9AE3}
		{AFCC24EF-EED7-4AC3-8327-D02DCADFC28A} = {48DD2B5C-9EE5-42E4-B949-E7B4056D8787}
	EndGlobalSection
	GlobalSection(ExtensibilityGlobals) = postSolution
		SolutionGuid = {959500A0-C825-45C9-A1E5-70E1BDE5C9C3}
	EndGlobalSection
EndGlobal
